// !$*UTF8*$!
{
	archiveVersion = 1;
	classes = {
	};
	objectVersion = 56;
	objects = {

/* Begin PBXBuildFile section */
		14395C1D2B8AA12700A4B3A3 /* AppDelegate.swift in Sources */ = {isa = PBXBuildFile; fileRef = 14395C1C2B8AA12700A4B3A3 /* AppDelegate.swift */; };
		14395C212B8AA12800A4B3A3 /* Assets.xcassets in Resources */ = {isa = PBXBuildFile; fileRef = 14395C202B8AA12800A4B3A3 /* Assets.xcassets */; };
		14395C242B8AA12800A4B3A3 /* Main.storyboard in Resources */ = {isa = PBXBuildFile; fileRef = 14395C222B8AA12800A4B3A3 /* Main.storyboard */; };
		14395C2C2B8AAE0500A4B3A3 /* OverlayWindow.swift in Sources */ = {isa = PBXBuildFile; fileRef = 14395C2B2B8AAE0500A4B3A3 /* OverlayWindow.swift */; };
		14395C2E2B8AAE8A00A4B3A3 /* Utils.swift in Sources */ = {isa = PBXBuildFile; fileRef = 14395C2D2B8AAE8A00A4B3A3 /* Utils.swift */; };
		14395C302B8ABC5A00A4B3A3 /* TextWindow.swift in Sources */ = {isa = PBXBuildFile; fileRef = 14395C2F2B8ABC5A00A4B3A3 /* TextWindow.swift */; };
		14395C322B8AC5FA00A4B3A3 /* AI.swift in Sources */ = {isa = PBXBuildFile; fileRef = 14395C312B8AC5FA00A4B3A3 /* AI.swift */; };
		14D7B2862BAB20E900E0A776 /* WindowPosition.swift in Sources */ = {isa = PBXBuildFile; fileRef = 14D7B2852BAB20E900E0A776 /* WindowPosition.swift */; };
/* End PBXBuildFile section */

/* Begin PBXFileReference section */
		14395C192B8AA12700A4B3A3 /* ComicTranslator.app */ = {isa = PBXFileReference; explicitFileType = wrapper.application; includeInIndex = 0; path = ComicTranslator.app; sourceTree = BUILT_PRODUCTS_DIR; };
		14395C1C2B8AA12700A4B3A3 /* AppDelegate.swift */ = {isa = PBXFileReference; lastKnownFileType = sourcecode.swift; path = AppDelegate.swift; sourceTree = "<group>"; };
		14395C202B8AA12800A4B3A3 /* Assets.xcassets */ = {isa = PBXFileReference; lastKnownFileType = folder.assetcatalog; path = Assets.xcassets; sourceTree = "<group>"; };
		14395C232B8AA12800A4B3A3 /* Base */ = {isa = PBXFileReference; lastKnownFileType = file.storyboard; name = Base; path = Base.lproj/Main.storyboard; sourceTree = "<group>"; };
		14395C252B8AA12800A4B3A3 /* ComicTranslator.entitlements */ = {isa = PBXFileReference; lastKnownFileType = text.plist.entitlements; path = ComicTranslator.entitlements; sourceTree = "<group>"; };
		14395C2B2B8AAE0500A4B3A3 /* OverlayWindow.swift */ = {isa = PBXFileReference; lastKnownFileType = sourcecode.swift; path = OverlayWindow.swift; sourceTree = "<group>"; };
		14395C2D2B8AAE8A00A4B3A3 /* Utils.swift */ = {isa = PBXFileReference; lastKnownFileType = sourcecode.swift; path = Utils.swift; sourceTree = "<group>"; };
		14395C2F2B8ABC5A00A4B3A3 /* TextWindow.swift */ = {isa = PBXFileReference; lastKnownFileType = sourcecode.swift; path = TextWindow.swift; sourceTree = "<group>"; };
		14395C312B8AC5FA00A4B3A3 /* AI.swift */ = {isa = PBXFileReference; lastKnownFileType = sourcecode.swift; path = AI.swift; sourceTree = "<group>"; };
		14D7B2852BAB20E900E0A776 /* WindowPosition.swift */ = {isa = PBXFileReference; fileEncoding = 4; lastKnownFileType = sourcecode.swift; name = WindowPosition.swift; path = ../../AXUIElementInspector/AXUIElementInspector/WindowPosition.swift; sourceTree = "<group>"; };
/* End PBXFileReference section */

/* Begin PBXFrameworksBuildPhase section */
		14395C162B8AA12700A4B3A3 /* Frameworks */ = {
			isa = PBXFrameworksBuildPhase;
			buildActionMask = 2147483647;
			files = (
			);
			runOnlyForDeploymentPostprocessing = 0;
		};
/* End PBXFrameworksBuildPhase section */

/* Begin PBXGroup section */
		14395C102B8AA12700A4B3A3 = {
			isa = PBXGroup;
			children = (
				14395C1B2B8AA12700A4B3A3 /* ComicTranslator */,
				14395C1A2B8AA12700A4B3A3 /* Products */,
			);
			sourceTree = "<group>";
		};
		14395C1A2B8AA12700A4B3A3 /* Products */ = {
			isa = PBXGroup;
			children = (
				14395C192B8AA12700A4B3A3 /* ComicTranslator.app */,
			);
			name = Products;
			sourceTree = "<group>";
		};
		14395C1B2B8AA12700A4B3A3 /* ComicTranslator */ = {
			isa = PBXGroup;
			children = (
				14395C1C2B8AA12700A4B3A3 /* AppDelegate.swift */,
				14395C2B2B8AAE0500A4B3A3 /* OverlayWindow.swift */,
				14395C2F2B8ABC5A00A4B3A3 /* TextWindow.swift */,
				14395C312B8AC5FA00A4B3A3 /* AI.swift */,
				14D7B2852BAB20E900E0A776 /* WindowPosition.swift */,
				14395C2D2B8AAE8A00A4B3A3 /* Utils.swift */,
				14395C202B8AA12800A4B3A3 /* Assets.xcassets */,
				14395C222B8AA12800A4B3A3 /* Main.storyboard */,
				14395C252B8AA12800A4B3A3 /* ComicTranslator.entitlements */,
			);
			path = ComicTranslator;
			sourceTree = "<group>";
		};
/* End PBXGroup section */

/* Begin PBXNativeTarget section */
		14395C182B8AA12700A4B3A3 /* ComicTranslator */ = {
			isa = PBXNativeTarget;
			buildConfigurationList = 14395C282B8AA12800A4B3A3 /* Build configuration list for PBXNativeTarget "ComicTranslator" */;
			buildPhases = (
				14395C152B8AA12700A4B3A3 /* Sources */,
				14395C162B8AA12700A4B3A3 /* Frameworks */,
				14395C172B8AA12700A4B3A3 /* Resources */,
			);
			buildRules = (
			);
			dependencies = (
			);
			name = ComicTranslator;
			productName = ComicTranslator;
			productReference = 14395C192B8AA12700A4B3A3 /* ComicTranslator.app */;
			productType = "com.apple.product-type.application";
		};
/* End PBXNativeTarget section */

/* Begin PBXProject section */
		14395C112B8AA12700A4B3A3 /* Project object */ = {
			isa = PBXProject;
			attributes = {
				BuildIndependentTargetsInParallel = 1;
				LastSwiftUpdateCheck = 1520;
				LastUpgradeCheck = 1530;
				TargetAttributes = {
					14395C182B8AA12700A4B3A3 = {
						CreatedOnToolsVersion = 15.2;
					};
				};
			};
			buildConfigurationList = 14395C142B8AA12700A4B3A3 /* Build configuration list for PBXProject "ComicTranslator" */;
			compatibilityVersion = "Xcode 14.0";
			developmentRegion = en;
			hasScannedForEncodings = 0;
			knownRegions = (
				en,
				Base,
			);
			mainGroup = 14395C102B8AA12700A4B3A3;
			productRefGroup = 14395C1A2B8AA12700A4B3A3 /* Products */;
			projectDirPath = "";
			projectRoot = "";
			targets = (
				14395C182B8AA12700A4B3A3 /* ComicTranslator */,
			);
		};
/* End PBXProject section */

/* Begin PBXResourcesBuildPhase section */
		14395C172B8AA12700A4B3A3 /* Resources */ = {
			isa = PBXResourcesBuildPhase;
			buildActionMask = 2147483647;
			files = (
				14395C212B8AA12800A4B3A3 /* Assets.xcassets in Resources */,
				14395C242B8AA12800A4B3A3 /* Main.storyboard in Resources */,
			);
			runOnlyForDeploymentPostprocessing = 0;
		};
/* End PBXResourcesBuildPhase section */

/* Begin PBXSourcesBuildPhase section */
		14395C152B8AA12700A4B3A3 /* Sources */ = {
			isa = PBXSourcesBuildPhase;
			buildActionMask = 2147483647;
			files = (
				14395C302B8ABC5A00A4B3A3 /* TextWindow.swift in Sources */,
				14395C1D2B8AA12700A4B3A3 /* AppDelegate.swift in Sources */,
				14D7B2862BAB20E900E0A776 /* WindowPosition.swift in Sources */,
				14395C2C2B8AAE0500A4B3A3 /* OverlayWindow.swift in Sources */,
				14395C322B8AC5FA00A4B3A3 /* AI.swift in Sources */,
				14395C2E2B8AAE8A00A4B3A3 /* Utils.swift in Sources */,
			);
			runOnlyForDeploymentPostprocessing = 0;
		};
/* End PBXSourcesBuildPhase section */

/* Begin PBXVariantGroup section */
		14395C222B8AA12800A4B3A3 /* Main.storyboard */ = {
			isa = PBXVariantGroup;
			children = (
				14395C232B8AA12800A4B3A3 /* Base */,
			);
			name = Main.storyboard;
			sourceTree = "<group>";
		};
/* End PBXVariantGroup section */

/* Begin XCBuildConfiguration section */
		14395C262B8AA12800A4B3A3 /* Debug */ = {
			isa = XCBuildConfiguration;
			buildSettings = {
				ALWAYS_SEARCH_USER_PATHS = NO;
				ASSETCATALOG_COMPILER_GENERATE_SWIFT_ASSET_SYMBOL_EXTENSIONS = YES;
				CLANG_ANALYZER_NONNULL = YES;
				CLANG_ANALYZER_NUMBER_OBJECT_CONVERSION = YES_AGGRESSIVE;
				CLANG_CXX_LANGUAGE_STANDARD = "gnu++20";
				CLANG_ENABLE_MODULES = YES;
				CLANG_ENABLE_OBJC_ARC = YES;
				CLANG_ENABLE_OBJC_WEAK = YES;
				CLANG_WARN_BLOCK_CAPTURE_AUTORELEASING = YES;
				CLANG_WARN_BOOL_CONVERSION = YES;
				CLANG_WARN_COMMA = YES;
				CLANG_WARN_CONSTANT_CONVERSION = YES;
				CLANG_WARN_DEPRECATED_OBJC_IMPLEMENTATIONS = YES;
				CLANG_WARN_DIRECT_OBJC_ISA_USAGE = YES_ERROR;
				CLANG_WARN_DOCUMENTATION_COMMENTS = YES;
				CLANG_WARN_EMPTY_BODY = YES;
				CLANG_WARN_ENUM_CONVERSION = YES;
				CLANG_WARN_INFINITE_RECURSION = YES;
				CLANG_WARN_INT_CONVERSION = YES;
				CLANG_WARN_NON_LITERAL_NULL_CONVERSION = YES;
				CLANG_WARN_OBJC_IMPLICIT_RETAIN_SELF = YES;
				CLANG_WARN_OBJC_LITERAL_CONVERSION = YES;
				CLANG_WARN_OBJC_ROOT_CLASS = YES_ERROR;
				CLANG_WARN_QUOTED_INCLUDE_IN_FRAMEWORK_HEADER = YES;
				CLANG_WARN_RANGE_LOOP_ANALYSIS = YES;
				CLANG_WARN_STRICT_PROTOTYPES = YES;
				CLANG_WARN_SUSPICIOUS_MOVE = YES;
				CLANG_WARN_UNGUARDED_AVAILABILITY = YES_AGGRESSIVE;
				CLANG_WARN_UNREACHABLE_CODE = YES;
				CLANG_WARN__DUPLICATE_METHOD_MATCH = YES;
				COPY_PHASE_STRIP = NO;
				DEAD_CODE_STRIPPING = YES;
				DEBUG_INFORMATION_FORMAT = dwarf;
				ENABLE_STRICT_OBJC_MSGSEND = YES;
				ENABLE_TESTABILITY = YES;
				ENABLE_USER_SCRIPT_SANDBOXING = YES;
				GCC_C_LANGUAGE_STANDARD = gnu17;
				GCC_DYNAMIC_NO_PIC = NO;
				GCC_NO_COMMON_BLOCKS = YES;
				GCC_OPTIMIZATION_LEVEL = 0;
				GCC_PREPROCESSOR_DEFINITIONS = (
					"DEBUG=1",
					"$(inherited)",
				);
				GCC_WARN_64_TO_32_BIT_CONVERSION = YES;
				GCC_WARN_ABOUT_RETURN_TYPE = YES_ERROR;
				GCC_WARN_UNDECLARED_SELECTOR = YES;
				GCC_WARN_UNINITIALIZED_AUTOS = YES_AGGRESSIVE;
				GCC_WARN_UNUSED_FUNCTION = YES;
				GCC_WARN_UNUSED_VARIABLE = YES;
				LOCALIZATION_PREFERS_STRING_CATALOGS = YES;
				MACOSX_DEPLOYMENT_TARGET = 14.2;
				MTL_ENABLE_DEBUG_INFO = INCLUDE_SOURCE;
				MTL_FAST_MATH = YES;
				ONLY_ACTIVE_ARCH = YES;
				SDKROOT = macosx;
				SWIFT_ACTIVE_COMPILATION_CONDITIONS = "DEBUG $(inherited)";
				SWIFT_OPTIMIZATION_LEVEL = "-Onone";
			};
			name = Debug;
		};
		14395C272B8AA12800A4B3A3 /* Release */ = {
			isa = XCBuildConfiguration;
			buildSettings = {
				ALWAYS_SEARCH_USER_PATHS = NO;
				ASSETCATALOG_COMPILER_GENERATE_SWIFT_ASSET_SYMBOL_EXTENSIONS = YES;
				CLANG_ANALYZER_NONNULL = YES;
				CLANG_ANALYZER_NUMBER_OBJECT_CONVERSION = YES_AGGRESSIVE;
				CLANG_CXX_LANGUAGE_STANDARD = "gnu++20";
				CLANG_ENABLE_MODULES = YES;
				CLANG_ENABLE_OBJC_ARC = YES;
				CLANG_ENABLE_OBJC_WEAK = YES;
				CLANG_WARN_BLOCK_CAPTURE_AUTORELEASING = YES;
				CLANG_WARN_BOOL_CONVERSION = YES;
				CLANG_WARN_COMMA = YES;
				CLANG_WARN_CONSTANT_CONVERSION = YES;
				CLANG_WARN_DEPRECATED_OBJC_IMPLEMENTATIONS = YES;
				CLANG_WARN_DIRECT_OBJC_ISA_USAGE = YES_ERROR;
				CLANG_WARN_DOCUMENTATION_COMMENTS = YES;
				CLANG_WARN_EMPTY_BODY = YES;
				CLANG_WARN_ENUM_CONVERSION = YES;
				CLANG_WARN_INFINITE_RECURSION = YES;
				CLANG_WARN_INT_CONVERSION = YES;
				CLANG_WARN_NON_LITERAL_NULL_CONVERSION = YES;
				CLANG_WARN_OBJC_IMPLICIT_RETAIN_SELF = YES;
				CLANG_WARN_OBJC_LITERAL_CONVERSION = YES;
				CLANG_WARN_OBJC_ROOT_CLASS = YES_ERROR;
				CLANG_WARN_QUOTED_INCLUDE_IN_FRAMEWORK_HEADER = YES;
				CLANG_WARN_RANGE_LOOP_ANALYSIS = YES;
				CLANG_WARN_STRICT_PROTOTYPES = YES;
				CLANG_WARN_SUSPICIOUS_MOVE = YES;
				CLANG_WARN_UNGUARDED_AVAILABILITY = YES_AGGRESSIVE;
				CLANG_WARN_UNREACHABLE_CODE = YES;
				CLANG_WARN__DUPLICATE_METHOD_MATCH = YES;
				COPY_PHASE_STRIP = NO;
				DEAD_CODE_STRIPPING = YES;
				DEBUG_INFORMATION_FORMAT = "dwarf-with-dsym";
				ENABLE_NS_ASSERTIONS = NO;
				ENABLE_STRICT_OBJC_MSGSEND = YES;
				ENABLE_USER_SCRIPT_SANDBOXING = YES;
				GCC_C_LANGUAGE_STANDARD = gnu17;
				GCC_NO_COMMON_BLOCKS = YES;
				GCC_WARN_64_TO_32_BIT_CONVERSION = YES;
				GCC_WARN_ABOUT_RETURN_TYPE = YES_ERROR;
				GCC_WARN_UNDECLARED_SELECTOR = YES;
				GCC_WARN_UNINITIALIZED_AUTOS = YES_AGGRESSIVE;
				GCC_WARN_UNUSED_FUNCTION = YES;
				GCC_WARN_UNUSED_VARIABLE = YES;
				LOCALIZATION_PREFERS_STRING_CATALOGS = YES;
				MACOSX_DEPLOYMENT_TARGET = 14.2;
				MTL_ENABLE_DEBUG_INFO = NO;
				MTL_FAST_MATH = YES;
				SDKROOT = macosx;
				SWIFT_COMPILATION_MODE = wholemodule;
			};
			name = Release;
		};
		14395C292B8AA12800A4B3A3 /* Debug */ = {
			isa = XCBuildConfiguration;
			buildSettings = {
				ASSETCATALOG_COMPILER_APPICON_NAME = AppIcon;
				ASSETCATALOG_COMPILER_GLOBAL_ACCENT_COLOR_NAME = AccentColor;
				CODE_SIGN_ENTITLEMENTS = ComicTranslator/ComicTranslator.entitlements;
				CODE_SIGN_STYLE = Automatic;
				COMBINE_HIDPI_IMAGES = YES;
				CURRENT_PROJECT_VERSION = 1;
				DEAD_CODE_STRIPPING = YES;
				DEVELOPMENT_TEAM = 27AEDK3C9F;
				ENABLE_HARDENED_RUNTIME = YES;
				GENERATE_INFOPLIST_FILE = YES;
				INFOPLIST_KEY_LSUIElement = YES;
				INFOPLIST_KEY_NSHumanReadableCopyright = "";
				INFOPLIST_KEY_NSMainStoryboardFile = Main;
				INFOPLIST_KEY_NSPrincipalClass = NSApplication;
				LD_RUNPATH_SEARCH_PATHS = (
					"$(inherited)",
					"@executable_path/../Frameworks",
				);
				MARKETING_VERSION = 1.0;
				PRODUCT_BUNDLE_IDENTIFIER = com.kishikawakatsumi.ComicTranslator;
				PRODUCT_NAME = "$(TARGET_NAME)";
				SWIFT_EMIT_LOC_STRINGS = YES;
				SWIFT_VERSION = 5.0;
			};
			name = Debug;
		};
		14395C2A2B8AA12800A4B3A3 /* Release */ = {
			isa = XCBuildConfiguration;
			buildSettings = {
				ASSETCATALOG_COMPILER_APPICON_NAME = AppIcon;
				ASSETCATALOG_COMPILER_GLOBAL_ACCENT_COLOR_NAME = AccentColor;
				CODE_SIGN_ENTITLEMENTS = ComicTranslator/ComicTranslator.entitlements;
				CODE_SIGN_STYLE = Automatic;
				COMBINE_HIDPI_IMAGES = YES;
				CURRENT_PROJECT_VERSION = 1;
				DEAD_CODE_STRIPPING = YES;
				DEVELOPMENT_TEAM = 27AEDK3C9F;
				ENABLE_HARDENED_RUNTIME = YES;
				GENERATE_INFOPLIST_FILE = YES;
				INFOPLIST_KEY_LSUIElement = YES;
				INFOPLIST_KEY_NSHumanReadableCopyright = "";
				INFOPLIST_KEY_NSMainStoryboardFile = Main;
				INFOPLIST_KEY_NSPrincipalClass = NSApplication;
				LD_RUNPATH_SEARCH_PATHS = (
					"$(inherited)",
					"@executable_path/../Frameworks",
				);
				MARKETING_VERSION = 1.0;
				PRODUCT_BUNDLE_IDENTIFIER = com.kishikawakatsumi.ComicTranslator;
				PRODUCT_NAME = "$(TARGET_NAME)";
				SWIFT_EMIT_LOC_STRINGS = YES;
				SWIFT_VERSION = 5.0;
			};
			name = Release;
		};
/* End XCBuildConfiguration section */

/* Begin XCConfigurationList section */
		14395C142B8AA12700A4B3A3 /* Build configuration list for PBXProject "ComicTranslator" */ = {
			isa = XCConfigurationList;
			buildConfigurations = (
				14395C262B8AA12800A4B3A3 /* Debug */,
				14395C272B8AA12800A4B3A3 /* Release */,
			);
			defaultConfigurationIsVisible = 0;
			defaultConfigurationName = Release;
		};
		14395C282B8AA12800A4B3A3 /* Build configuration list for PBXNativeTarget "ComicTranslator" */ = {
			isa = XCConfigurationList;
			buildConfigurations = (
				14395C292B8AA12800A4B3A3 /* Debug */,
				14395C2A2B8AA12800A4B3A3 /* Release */,
			);
			defaultConfigurationIsVisible = 0;
			defaultConfigurationName = Release;
		};
/* End XCConfigurationList section */
	};
	rootObject = 14395C112B8AA12700A4B3A3 /* Project object */;
}
